{
  "name": "ads_sim",
  "version": "0.0.1",
  "lockfileVersion": 1,
  "requires": true,
  "dependencies": {
    "emit-stream": {
      "version": "0.1.2",
      "resolved": "https://registry.npmjs.org/emit-stream/-/emit-stream-0.1.2.tgz",
      "integrity": "sha1-DiBVCKDQ1tM0YHhC98R2nb+/Fug=",
      "requires": {
        "through": "2.3.8"
      }
    },
    "streaming-worker": {
      "version": "1.0.1",
      "resolved": "https://registry.npmjs.org/streaming-worker/-/streaming-worker-1.0.1.tgz",
      "integrity": "sha1-To/+n399gpz+qBXx0SMq3x8jzGE=",
      "requires": {
        "emit-stream": "0.1.2",
        "through": "2.3.8"
      }
    },
    "through": {
      "version": "2.3.8",
      "resolved": "https://registry.npmjs.org/through/-/through-2.3.8.tgz",
      "integrity": "sha1-DdTJ/6q8NXlgsbckEV1+Doai4fU="
    }
  }
}
