{
  "name": "ads_com",
  "version": "0.0.1",
  "lockfileVersion": 1,
  "requires": true,
  "dependencies": {
    "nan": {
      "version": "2.10.0",
      "resolved": "https://registry.npmjs.org/nan/-/nan-2.10.0.tgz",
      "integrity": "sha512-bAdJv7fBLhWC+/Bls0Oza+mvTaNQtP+1RyhhhvD95pgUJz6XM5IzgmxOkItJ9tkoCiplvAnXI1tNmmUD/eScyA=="
    },
    "streaming-worker-sdk": {
      "version": "0.9.3",
      "resolved": "https://registry.npmjs.org/streaming-worker-sdk/-/streaming-worker-sdk-0.9.3.tgz",
      "integrity": "sha1-Spul4ud1//evOMfD/plFhtNnTCc=",
      "requires": {
        "nan": "2.10.0"
      }
    }
  }
}
